
Microsoft Visual Studio Solution File, Format Version 12.00
# Visual Studio 14
VisualStudioVersion = 14.0.25123.0
MinimumVisualStudioVersion = 10.0.40219.1
Project("{FAE04EC0-301F-11D3-BF4B-00C04F79EFBC}") = "Boggle", "Boggle\Boggle.csproj", "{82AB79D9-9E33-4C5B-BE68-3B17FC74F5E7}"
EndProject
Global
	GlobalSection(SolutionConfigurationPlatforms) = preSolution
		Debug|Any CPU = Debug|Any CPU
		Release|Any CPU = Release|Any CPU
	EndGlobalSection
	GlobalSection(ProjectConfigurationPlatforms) = postSolution
		{82AB79D9-9E33-4C5B-BE68-3B17FC74F5E7}.Debug|Any CPU.ActiveCfg = Debug|Any CPU
		{82AB79D9-9E33-4C5B-BE68-3B17FC74F5E7}.Debug|Any CPU.Build.0 = Debug|Any CPU
		{82AB79D9-9E33-4C5B-BE68-3B17FC74F5E7}.Release|Any CPU.ActiveCfg = Release|Any CPU
		{82AB79D9-9E33-4C5B-BE68-3B17FC74F5E7}.Release|Any CPU.Build.0 = Release|Any CPU
	EndGlobalSection
	GlobalSection(SolutionProperties) = preSolution
		HideSolutionNode = FALSE
	EndGlobalSection
EndGlobal
